
Microsoft Visual Studio Solution File, Format Version 12.00
# Visual Studio Version 16
VisualStudioVersion = 16.0.30804.86
MinimumVisualStudioVersion = 10.0.40219.1
Project("{FAE04EC0-301F-11D3-BF4B-00C04F79EFBC}") = "WSUniversalLib", "WSUniversalLib\WSUniversalLib.csproj", "{CAF5B4F4-95FD-4BE3-AC70-CBF2DD560290}"
EndProject
Project("{FAE04EC0-301F-11D3-BF4B-00C04F79EFBC}") = "UnitTests", "UnitTests\UnitTests.csproj", "{441A5053-96F7-41B5-936B-E0410EA83C01}"
EndProject
Global
	GlobalSection(SolutionConfigurationPlatforms) = preSolution
		Debug|Any CPU = Debug|Any CPU
		Release|Any CPU = Release|Any CPU
	EndGlobalSection
	GlobalSection(ProjectConfigurationPlatforms) = postSolution
		{CAF5B4F4-95FD-4BE3-AC70-CBF2DD560290}.Debug|Any CPU.ActiveCfg = Debug|Any CPU
		{CAF5B4F4-95FD-4BE3-AC70-CBF2DD560290}.Debug|Any CPU.Build.0 = Debug|Any CPU
		{CAF5B4F4-95FD-4BE3-AC70-CBF2DD560290}.Release|Any CPU.ActiveCfg = Release|Any CPU
		{CAF5B4F4-95FD-4BE3-AC70-CBF2DD560290}.Release|Any CPU.Build.0 = Release|Any CPU
		{441A5053-96F7-41B5-936B-E0410EA83C01}.Debug|Any CPU.ActiveCfg = Debug|Any CPU
		{441A5053-96F7-41B5-936B-E0410EA83C01}.Debug|Any CPU.Build.0 = Debug|Any CPU
		{441A5053-96F7-41B5-936B-E0410EA83C01}.Release|Any CPU.ActiveCfg = Release|Any CPU
		{441A5053-96F7-41B5-936B-E0410EA83C01}.Release|Any CPU.Build.0 = Release|Any CPU
	EndGlobalSection
	GlobalSection(SolutionProperties) = preSolution
		HideSolutionNode = FALSE
	EndGlobalSection
	GlobalSection(ExtensibilityGlobals) = postSolution
		SolutionGuid = {0A5B2ECF-8CBF-43A6-A808-DF57B4D1C6CE}
	EndGlobalSection
EndGlobal
